
Microsoft Visual Studio Solution File, Format Version 12.00
# Visual Studio Version 17
VisualStudioVersion = 17.2.32526.322
MinimumVisualStudioVersion = 10.0.40219.1
Project("{9A19103F-16F7-4668-BE54-9A1E7A4F7556}") = "ConsoleApp1", "ConsoleApp1\ConsoleApp1.csproj", "{B29EDF5C-EA66-4FA8-A91E-CB9FDE63825E}"
EndProject
Project("{9A19103F-16F7-4668-BE54-9A1E7A4F7556}") = "BlazorApp1", "BlazorApp1\BlazorApp1.csproj", "{9DCBD371-B59F-47C2-AE48-A246A8E40CEA}"
EndProject
Project("{9A19103F-16F7-4668-BE54-9A1E7A4F7556}") = "PlaceApi", "TouristSpot\PlaceApi\PlaceApi.csproj", "{A1056A5C-57CA-4949-8606-CD7764AD73E8}"
EndProject
Global
	GlobalSection(SolutionConfigurationPlatforms) = preSolution
		Debug|Any CPU = Debug|Any CPU
		Release|Any CPU = Release|Any CPU
	EndGlobalSection
	GlobalSection(ProjectConfigurationPlatforms) = postSolution
		{B29EDF5C-EA66-4FA8-A91E-CB9FDE63825E}.Debug|Any CPU.ActiveCfg = Debug|Any CPU
		{B29EDF5C-EA66-4FA8-A91E-CB9FDE63825E}.Debug|Any CPU.Build.0 = Debug|Any CPU
		{B29EDF5C-EA66-4FA8-A91E-CB9FDE63825E}.Release|Any CPU.ActiveCfg = Release|Any CPU
		{B29EDF5C-EA66-4FA8-A91E-CB9FDE63825E}.Release|Any CPU.Build.0 = Release|Any CPU
		{9DCBD371-B59F-47C2-AE48-A246A8E40CEA}.Debug|Any CPU.ActiveCfg = Debug|Any CPU
		{9DCBD371-B59F-47C2-AE48-A246A8E40CEA}.Debug|Any CPU.Build.0 = Debug|Any CPU
		{9DCBD371-B59F-47C2-AE48-A246A8E40CEA}.Release|Any CPU.ActiveCfg = Release|Any CPU
		{9DCBD371-B59F-47C2-AE48-A246A8E40CEA}.Release|Any CPU.Build.0 = Release|Any CPU
		{A1056A5C-57CA-4949-8606-CD7764AD73E8}.Debug|Any CPU.ActiveCfg = Debug|Any CPU
		{A1056A5C-57CA-4949-8606-CD7764AD73E8}.Debug|Any CPU.Build.0 = Debug|Any CPU
		{A1056A5C-57CA-4949-8606-CD7764AD73E8}.Release|Any CPU.ActiveCfg = Release|Any CPU
		{A1056A5C-57CA-4949-8606-CD7764AD73E8}.Release|Any CPU.Build.0 = Release|Any CPU
	EndGlobalSection
	GlobalSection(SolutionProperties) = preSolution
		HideSolutionNode = FALSE
	EndGlobalSection
	GlobalSection(ExtensibilityGlobals) = postSolution
		SolutionGuid = {35711F28-F6CC-41B1-AA92-CD6DD3084F0F}
	EndGlobalSection
EndGlobal
